
Microsoft Visual Studio Solution File, Format Version 12.00
# Visual Studio 15
VisualStudioVersion = 15.0.27703.2035
MinimumVisualStudioVersion = 10.0.40219.1
Project("{FAE04EC0-301F-11D3-BF4B-00C04F79EFBC}") = "Editer", "Editer.csproj", "{21163F98-1B24-41D9-B197-0B8D8DFA0FE7}"
	ProjectSection(ProjectDependencies) = postProject
		{5B03ABB9-2E05-495A-8EF0-2703ACFC309F} = {5B03ABB9-2E05-495A-8EF0-2703ACFC309F}
		{46155EDF-59F5-49B4-B308-F5D530F21774} = {46155EDF-59F5-49B4-B308-F5D530F21774}
	EndProjectSection
EndProject
Project("{FAE04EC0-301F-11D3-BF4B-00C04F79EFBC}") = "CSPluginKernel", "CSPluginKernel\CSPluginKernel.csproj", "{46155EDF-59F5-49B4-B308-F5D530F21774}"
EndProject
Project("{FAE04EC0-301F-11D3-BF4B-00C04F79EFBC}") = "Plugins", "Plugins\Plugins.csproj", "{5B03ABB9-2E05-495A-8EF0-2703ACFC309F}"
EndProject
Project("{FAE04EC0-301F-11D3-BF4B-00C04F79EFBC}") = "EditerLibrary", "EditerLibrary\EditerLibrary.csproj", "{C9A6283C-1051-4E2E-9DC0-7162AD6C614F}"
EndProject
Project("{2150E333-8FDC-42A3-9474-1A3956D46DE8}") = "Develop Log", "Develop Log", "{C1787E51-053D-4492-9FAB-286CA679F3AD}"
	ProjectSection(SolutionItems) = preProject
		开发日志.txt = 开发日志.txt
	EndProjectSection
EndProject
Global
	GlobalSection(SolutionConfigurationPlatforms) = preSolution
		Debug|Any CPU = Debug|Any CPU
		Release|Any CPU = Release|Any CPU
	EndGlobalSection
	GlobalSection(ProjectConfigurationPlatforms) = postSolution
		{21163F98-1B24-41D9-B197-0B8D8DFA0FE7}.Debug|Any CPU.ActiveCfg = Debug|Any CPU
		{21163F98-1B24-41D9-B197-0B8D8DFA0FE7}.Debug|Any CPU.Build.0 = Debug|Any CPU
		{21163F98-1B24-41D9-B197-0B8D8DFA0FE7}.Release|Any CPU.ActiveCfg = Debug|Any CPU
		{21163F98-1B24-41D9-B197-0B8D8DFA0FE7}.Release|Any CPU.Build.0 = Debug|Any CPU
		{46155EDF-59F5-49B4-B308-F5D530F21774}.Debug|Any CPU.ActiveCfg = Debug|Any CPU
		{46155EDF-59F5-49B4-B308-F5D530F21774}.Debug|Any CPU.Build.0 = Debug|Any CPU
		{46155EDF-59F5-49B4-B308-F5D530F21774}.Release|Any CPU.ActiveCfg = Debug|Any CPU
		{46155EDF-59F5-49B4-B308-F5D530F21774}.Release|Any CPU.Build.0 = Debug|Any CPU
		{5B03ABB9-2E05-495A-8EF0-2703ACFC309F}.Debug|Any CPU.ActiveCfg = Debug|Any CPU
		{5B03ABB9-2E05-495A-8EF0-2703ACFC309F}.Debug|Any CPU.Build.0 = Debug|Any CPU
		{5B03ABB9-2E05-495A-8EF0-2703ACFC309F}.Release|Any CPU.ActiveCfg = Debug|Any CPU
		{5B03ABB9-2E05-495A-8EF0-2703ACFC309F}.Release|Any CPU.Build.0 = Debug|Any CPU
		{C9A6283C-1051-4E2E-9DC0-7162AD6C614F}.Debug|Any CPU.ActiveCfg = Debug|Any CPU
		{C9A6283C-1051-4E2E-9DC0-7162AD6C614F}.Debug|Any CPU.Build.0 = Debug|Any CPU
		{C9A6283C-1051-4E2E-9DC0-7162AD6C614F}.Release|Any CPU.ActiveCfg = Release|Any CPU
		{C9A6283C-1051-4E2E-9DC0-7162AD6C614F}.Release|Any CPU.Build.0 = Release|Any CPU
	EndGlobalSection
	GlobalSection(SolutionProperties) = preSolution
		HideSolutionNode = FALSE
	EndGlobalSection
	GlobalSection(ExtensibilityGlobals) = postSolution
		SolutionGuid = {F6C6F0DB-1491-401C-BBA2-D32C728A19DC}
	EndGlobalSection
EndGlobal
